
Microsoft Visual Studio Solution File, Format Version 12.00
# Visual Studio Version 17
VisualStudioVersion = 17.4.33122.133
MinimumVisualStudioVersion = 10.0.40219.1
Project("{9A19103F-16F7-4668-BE54-9A1E7A4F7556}") = "ToolExtractor.Lib", "ToolExtractor.Lib\ToolExtractor.Lib.csproj", "{9255CB58-5422-47AE-AD7B-438F962A1410}"
EndProject
Project("{9A19103F-16F7-4668-BE54-9A1E7A4F7556}") = "ToolExtractor.ConsoleApp1", "ToolExtractor.ConsoleApp1\ToolExtractor.ConsoleApp1.csproj", "{3557CB58-9EE5-4AE2-B23F-C2814FDB26DE}"
EndProject
Project("{9A19103F-16F7-4668-BE54-9A1E7A4F7556}") = "ToolExtractor.WinFormMCAGov", "ToolExtractor.WinFormMCAGov\ToolExtractor.WinFormMCAGov.csproj", "{CAF88BA6-6CEA-4A03-9931-57C6BF8D3D64}"
EndProject
Global
	GlobalSection(SolutionConfigurationPlatforms) = preSolution
		Debug|Any CPU = Debug|Any CPU
		Release|Any CPU = Release|Any CPU
	EndGlobalSection
	GlobalSection(ProjectConfigurationPlatforms) = postSolution
		{9255CB58-5422-47AE-AD7B-438F962A1410}.Debug|Any CPU.ActiveCfg = Debug|Any CPU
		{9255CB58-5422-47AE-AD7B-438F962A1410}.Debug|Any CPU.Build.0 = Debug|Any CPU
		{9255CB58-5422-47AE-AD7B-438F962A1410}.Release|Any CPU.ActiveCfg = Release|Any CPU
		{9255CB58-5422-47AE-AD7B-438F962A1410}.Release|Any CPU.Build.0 = Release|Any CPU
		{3557CB58-9EE5-4AE2-B23F-C2814FDB26DE}.Debug|Any CPU.ActiveCfg = Debug|Any CPU
		{3557CB58-9EE5-4AE2-B23F-C2814FDB26DE}.Debug|Any CPU.Build.0 = Debug|Any CPU
		{3557CB58-9EE5-4AE2-B23F-C2814FDB26DE}.Release|Any CPU.ActiveCfg = Release|Any CPU
		{3557CB58-9EE5-4AE2-B23F-C2814FDB26DE}.Release|Any CPU.Build.0 = Release|Any CPU
		{CAF88BA6-6CEA-4A03-9931-57C6BF8D3D64}.Debug|Any CPU.ActiveCfg = Debug|Any CPU
		{CAF88BA6-6CEA-4A03-9931-57C6BF8D3D64}.Debug|Any CPU.Build.0 = Debug|Any CPU
		{CAF88BA6-6CEA-4A03-9931-57C6BF8D3D64}.Release|Any CPU.ActiveCfg = Release|Any CPU
		{CAF88BA6-6CEA-4A03-9931-57C6BF8D3D64}.Release|Any CPU.Build.0 = Release|Any CPU
	EndGlobalSection
	GlobalSection(SolutionProperties) = preSolution
		HideSolutionNode = FALSE
	EndGlobalSection
	GlobalSection(ExtensibilityGlobals) = postSolution
		SolutionGuid = {106CD701-EDD1-489C-95E3-0CFC33743007}
	EndGlobalSection
EndGlobal
